// !$*UTF8*$!
{
	archiveVersion = 1;
	classes = {
	};
	objectVersion = 77;
	objects = {

/* Begin PBXBuildFile section */
		772FBCF62FF3A3F200336CF6 /* Alamofire in Frameworks */ = {isa = PBXBuildFile; productRef = 772FBCF72FF3A3F200336CF6 /* Alamofire */; };
		772FBCF82FF3A40100336CF6 /* GoogleSignIn in Frameworks */ = {isa = PBXBuildFile; productRef = 772FBCF92FF3A40100336CF6 /* GoogleSignIn */; };
		778F3DF32FDAA3000AFF730 /* ComposableArchitecture in Frameworks */ = {isa = PBXBuildFile; productRef = 778F3DF42FDAA3000AFF730 /* ComposableArchitecture */; };
		77FCA4073078AF320091C00D /* KohereDomain.framework in Frameworks */ = {isa = PBXBuildFile; fileRef = 77FCA4013078AF320091C00D /* KohereDomain.framework */; };
		77FCA4083078AF320091C00D /* KohereDomain.framework in Embed Frameworks */ = {isa = PBXBuildFile; fileRef = 77FCA4013078AF320091C00D /* KohereDomain.framework */; settings = {ATTRIBUTES = (CodeSignOnCopy, RemoveHeadersOnCopy, ); }; };
		77FCA4113078B1740091C00D /* KohereCore.framework in Frameworks */ = {isa = PBXBuildFile; fileRef = 952FEC03307528E300DB907E /* KohereCore.framework */; };
		77FCA4123078B1740091C00D /* KohereCore.framework in Embed Frameworks */ = {isa = PBXBuildFile; fileRef = 952FEC03307528E300DB907E /* KohereCore.framework */; settings = {ATTRIBUTES = (CodeSignOnCopy, RemoveHeadersOnCopy, ); }; };
		77FCA4163078B1740091C00D /* ComposableArchitecture in Frameworks */ = {isa = PBXBuildFile; productRef = 778F3DF42FDAA3000AFF730 /* ComposableArchitecture */; };
		77FCA4183078B1740091C00D /* Dependencies in Frameworks */ = {isa = PBXBuildFile; productRef = 77FCA4173078B1740091C00D /* Dependencies */; };
		77FCA4193078B1740091C00D /* Dependencies in Frameworks */ = {isa = PBXBuildFile; productRef = 77FCA4173078B1740091C00D /* Dependencies */; };
		77FCA41B3078B1740091C00D /* OrderedCollections in Frameworks */ = {isa = PBXBuildFile; productRef = 77FCA41A3078B1740091C00D /* OrderedCollections */; };
		77FCA41D3078B1740091C00D /* CasePaths in Frameworks */ = {isa = PBXBuildFile; productRef = 77FCA41C3078B1740091C00D /* CasePaths */; };
		77FCA41F3078B1740091C00D /* CasePathsCore in Frameworks */ = {isa = PBXBuildFile; productRef = 77FCA41E3078B1740091C00D /* CasePathsCore */; };
		77FCA4213078B1740091C00D /* ConcurrencyExtras in Frameworks */ = {isa = PBXBuildFile; productRef = 77FCA4203078B1740091C00D /* ConcurrencyExtras */; };
		77FCA4233078B1740091C00D /* CustomDump in Frameworks */ = {isa = PBXBuildFile; productRef = 77FCA4223078B1740091C00D /* CustomDump */; };
		77FCA4253078B1740091C00D /* IdentifiedCollections in Frameworks */ = {isa = PBXBuildFile; productRef = 77FCA4243078B1740091C00D /* IdentifiedCollections */; };
		77FCA4293078B1740091C00D /* IssueReporting in Frameworks */ = {isa = PBXBuildFile; productRef = 77FCA4283078B1740091C00D /* IssueReporting */; };
		77FCA42B3078B1740091C00D /* Perception in Frameworks */ = {isa = PBXBuildFile; productRef = 77FCA42A3078B1740091C00D /* Perception */; };
		77FCA42D3078B1740091C00D /* PerceptionCore in Frameworks */ = {isa = PBXBuildFile; productRef = 77FCA42C3078B1740091C00D /* PerceptionCore */; };
		77FCA42F3078B1740091C00D /* SwiftNavigation in Frameworks */ = {isa = PBXBuildFile; productRef = 77FCA42E3078B1740091C00D /* SwiftNavigation */; };
		77FCA4313078B1740091C00D /* UIKitNavigation in Frameworks */ = {isa = PBXBuildFile; productRef = 77FCA4303078B1740091C00D /* UIKitNavigation */; };
		77FCA4333078B1740091C00D /* XCTestDynamicOverlay in Frameworks */ = {isa = PBXBuildFile; productRef = 77FCA4323078B1740091C00D /* XCTestDynamicOverlay */; };
		951921A53049CCB300666ACA /* FirebaseMessaging in Frameworks */ = {isa = PBXBuildFile; productRef = 951921A43049CCB300666ACA /* FirebaseMessaging */; };
		952FEC09307528E300DB907E /* KohereCore.framework in Frameworks */ = {isa = PBXBuildFile; fileRef = 952FEC03307528E300DB907E /* KohereCore.framework */; };
		952FEC0A307528E300DB907E /* KohereCore.framework in Embed Frameworks */ = {isa = PBXBuildFile; fileRef = 952FEC03307528E300DB907E /* KohereCore.framework */; settings = {ATTRIBUTES = (CodeSignOnCopy, RemoveHeadersOnCopy, ); }; };
		952FED10307528E300DB907E /* KohereLocalization.framework in Frameworks */ = {isa = PBXBuildFile; fileRef = 952FED17307528E300DB907E /* KohereLocalization.framework */; };
		952FED11307528E300DB907E /* KohereLocalization.framework in Embed Frameworks */ = {isa = PBXBuildFile; fileRef = 952FED17307528E300DB907E /* KohereLocalization.framework */; settings = {ATTRIBUTES = (CodeSignOnCopy, RemoveHeadersOnCopy, ); }; };
		952FED12307528E300DB907E /* KohereCore.framework in Frameworks */ = {isa = PBXBuildFile; fileRef = 952FEC03307528E300DB907E /* KohereCore.framework */; };
		9570E47F2FE45C37002FA6DE /* NMapsMap in Frameworks */ = {isa = PBXBuildFile; productRef = 9570E47E2FE45C37002FA6DE /* NMapsMap */; };
		D4A1B2C32FF4A10000AA0001 /* Kingfisher in Frameworks */ = {isa = PBXBuildFile; productRef = D4A1B2C32FF4A10000AA0003 /* Kingfisher */; };
		E6B4C0013011000000000001 /* SwiftStomp in Frameworks */ = {isa = PBXBuildFile; productRef = E6B4C0013011000000000003 /* SwiftStomp */; };
/* End PBXBuildFile section */

/* Begin PBXContainerItemProxy section */
		77FCA4053078AF320091C00D /* PBXContainerItemProxy */ = {
			isa = PBXContainerItemProxy;
			containerPortal = 9570C2922FD9DA9D002FA6DE /* Project object */;
			proxyType = 1;
			remoteGlobalIDString = 77FCA4003078AF320091C00D;
			remoteInfo = KohereDomain;
		};
		77FCA4133078B1740091C00D /* PBXContainerItemProxy */ = {
			isa = PBXContainerItemProxy;
			containerPortal = 9570C2922FD9DA9D002FA6DE /* Project object */;
			proxyType = 1;
			remoteGlobalIDString = 952FEC02307528E300DB907E;
			remoteInfo = KohereCore;
		};
		952FEC07307528E300DB907E /* PBXContainerItemProxy */ = {
			isa = PBXContainerItemProxy;
			containerPortal = 9570C2922FD9DA9D002FA6DE /* Project object */;
			proxyType = 1;
			remoteGlobalIDString = 952FEC02307528E300DB907E;
			remoteInfo = KohereCore;
		};
		952FED13307528E300DB907E /* PBXContainerItemProxy */ = {
			isa = PBXContainerItemProxy;
			containerPortal = 9570C2922FD9DA9D002FA6DE /* Project object */;
			proxyType = 1;
			remoteGlobalIDString = 952FED1D307528E300DB907E;
			remoteInfo = KohereLocalization;
		};
		952FED14307528E300DB907E /* PBXContainerItemProxy */ = {
			isa = PBXContainerItemProxy;
			containerPortal = 9570C2922FD9DA9D002FA6DE /* Project object */;
			proxyType = 1;
			remoteGlobalIDString = 952FEC02307528E300DB907E;
			remoteInfo = KohereCore;
		};
		9570C2A82FD9DA9E002FA6DE /* PBXContainerItemProxy */ = {
			isa = PBXContainerItemProxy;
			containerPortal = 9570C2922FD9DA9D002FA6DE /* Project object */;
			proxyType = 1;
			remoteGlobalIDString = 9570C2992FD9DA9D002FA6DE;
			remoteInfo = Kohere;
		};
		9570C2B22FD9DA9E002FA6DE /* PBXContainerItemProxy */ = {
			isa = PBXContainerItemProxy;
			containerPortal = 9570C2922FD9DA9D002FA6DE /* Project object */;
			proxyType = 1;
			remoteGlobalIDString = 9570C2992FD9DA9D002FA6DE;
			remoteInfo = Kohere;
		};
/* End PBXContainerItemProxy section */

/* Begin PBXCopyFilesBuildPhase section */
		77FCA4153078B1740091C00D /* Embed Frameworks */ = {
			isa = PBXCopyFilesBuildPhase;
			buildActionMask = 2147483647;
			dstPath = "";
			dstSubfolderSpec = 10;
			files = (
				77FCA4123078B1740091C00D /* KohereCore.framework in Embed Frameworks */,
			);
			name = "Embed Frameworks";
			runOnlyForDeploymentPostprocessing = 0;
		};
		952FEC0B307528E300DB907E /* Embed Frameworks */ = {
			isa = PBXCopyFilesBuildPhase;
			buildActionMask = 2147483647;
			dstPath = "";
			dstSubfolderSpec = 10;
			files = (
				952FEC0A307528E300DB907E /* KohereCore.framework in Embed Frameworks */,
				77FCA4083078AF320091C00D /* KohereDomain.framework in Embed Frameworks */,
				952FED11307528E300DB907E /* KohereLocalization.framework in Embed Frameworks */,
			);
			name = "Embed Frameworks";
			runOnlyForDeploymentPostprocessing = 0;
		};
/* End PBXCopyFilesBuildPhase section */

/* Begin PBXFileReference section */
		778F3DF02FDA7D0D00AFF730 /* .swiftlint.yml */ = {isa = PBXFileReference; lastKnownFileType = text.yaml; path = .swiftlint.yml; sourceTree = "<group>"; };
		77FCA4013078AF320091C00D /* KohereDomain.framework */ = {isa = PBXFileReference; explicitFileType = wrapper.framework; includeInIndex = 0; path = KohereDomain.framework; sourceTree = BUILT_PRODUCTS_DIR; };
		952FEC03307528E300DB907E /* KohereCore.framework */ = {isa = PBXFileReference; explicitFileType = wrapper.framework; includeInIndex = 0; path = KohereCore.framework; sourceTree = BUILT_PRODUCTS_DIR; };
		952FED17307528E300DB907E /* KohereLocalization.framework */ = {isa = PBXFileReference; explicitFileType = wrapper.framework; includeInIndex = 0; path = KohereLocalization.framework; sourceTree = BUILT_PRODUCTS_DIR; };
		9570C29A2FD9DA9D002FA6DE /* Kohere.app */ = {isa = PBXFileReference; explicitFileType = wrapper.application; includeInIndex = 0; path = Kohere.app; sourceTree = BUILT_PRODUCTS_DIR; };
		9570C2A72FD9DA9E002FA6DE /* KohereTests.xctest */ = {isa = PBXFileReference; explicitFileType = wrapper.cfbundle; includeInIndex = 0; path = KohereTests.xctest; sourceTree = BUILT_PRODUCTS_DIR; };
		9570C2B12FD9DA9E002FA6DE /* KohereUITests.xctest */ = {isa = PBXFileReference; explicitFileType = wrapper.cfbundle; includeInIndex = 0; path = KohereUITests.xctest; sourceTree = BUILT_PRODUCTS_DIR; };
		9570E4812FE58572002FA6DE /* Config/Base.xcconfig */ = {isa = PBXFileReference; lastKnownFileType = text.xcconfig; path = Config/Base.xcconfig; sourceTree = "<group>"; };
		9570E4822FE58572002FA6DE /* Config/Secrets.xcconfig.example */ = {isa = PBXFileReference; lastKnownFileType = text.xcconfig; path = Config/Secrets.xcconfig.example; sourceTree = "<group>"; };
/* End PBXFileReference section */

/* Begin PBXFileSystemSynchronizedBuildFileExceptionSet section */
		778F3DF22FDA9A000AFF730 /* Exceptions for "Kohere" folder in "Kohere" target */ = {
			isa = PBXFileSystemSynchronizedBuildFileExceptionSet;
			membershipExceptions = (
				Resource/Info.plist,
			);
			target = 9570C2992FD9DA9D002FA6DE /* Kohere */;
		};
/* End PBXFileSystemSynchronizedBuildFileExceptionSet section */

/* Begin PBXFileSystemSynchronizedRootGroup section */
		77FCA4023078AF320091C00D /* KohereDomain */ = {
			isa = PBXFileSystemSynchronizedRootGroup;
			path = KohereDomain;
			sourceTree = "<group>";
		};
		952FEC04307528E300DB907E /* KohereCore */ = {
			isa = PBXFileSystemSynchronizedRootGroup;
			path = KohereCore;
			sourceTree = "<group>";
		};
		952FED18307528E300DB907E /* KohereLocalization */ = {
			isa = PBXFileSystemSynchronizedRootGroup;
			path = KohereLocalization;
			sourceTree = "<group>";
		};
		9570C29C2FD9DA9D002FA6DE /* Kohere */ = {
			isa = PBXFileSystemSynchronizedRootGroup;
			exceptions = (
				778F3DF22FDA9A000AFF730 /* Exceptions for "Kohere" folder in "Kohere" target */,
			);
			path = Kohere;
			sourceTree = "<group>";
		};
		9570C2AA2FD9DA9E002FA6DE /* KohereTests */ = {
			isa = PBXFileSystemSynchronizedRootGroup;
			path = KohereTests;
			sourceTree = "<group>";
		};
		9570C2B42FD9DA9E002FA6DE /* KohereUITests */ = {
			isa = PBXFileSystemSynchronizedRootGroup;
			path = KohereUITests;
			sourceTree = "<group>";
		};
/* End PBXFileSystemSynchronizedRootGroup section */

/* Begin PBXFrameworksBuildPhase section */
		77FCA3FE3078AF320091C00D /* Frameworks */ = {
			isa = PBXFrameworksBuildPhase;
			buildActionMask = 2147483647;
			files = (
				77FCA4163078B1740091C00D /* ComposableArchitecture in Frameworks */,
				77FCA4183078B1740091C00D /* Dependencies in Frameworks */,
				77FCA4113078B1740091C00D /* KohereCore.framework in Frameworks */,
			);
			runOnlyForDeploymentPostprocessing = 0;
		};
		952FEC00307528E300DB907E /* Frameworks */ = {
			isa = PBXFrameworksBuildPhase;
			buildActionMask = 2147483647;
			files = (
			);
			runOnlyForDeploymentPostprocessing = 0;
		};
		952FED1B307528E300DB907E /* Frameworks */ = {
			isa = PBXFrameworksBuildPhase;
			buildActionMask = 2147483647;
			files = (
				952FED12307528E300DB907E /* KohereCore.framework in Frameworks */,
			);
			runOnlyForDeploymentPostprocessing = 0;
		};
		9570C2972FD9DA9D002FA6DE /* Frameworks */ = {
			isa = PBXFrameworksBuildPhase;
			buildActionMask = 2147483647;
			files = (
				77FCA4073078AF320091C00D /* KohereDomain.framework in Frameworks */,
				778F3DF32FDAA3000AFF730 /* ComposableArchitecture in Frameworks */,
				77FCA41D3078B1740091C00D /* CasePaths in Frameworks */,
				77FCA41F3078B1740091C00D /* CasePathsCore in Frameworks */,
				77FCA4213078B1740091C00D /* ConcurrencyExtras in Frameworks */,
				77FCA4233078B1740091C00D /* CustomDump in Frameworks */,
				77FCA4193078B1740091C00D /* Dependencies in Frameworks */,
				77FCA4253078B1740091C00D /* IdentifiedCollections in Frameworks */,
				77FCA4293078B1740091C00D /* IssueReporting in Frameworks */,
				77FCA41B3078B1740091C00D /* OrderedCollections in Frameworks */,
				77FCA42B3078B1740091C00D /* Perception in Frameworks */,
				77FCA42D3078B1740091C00D /* PerceptionCore in Frameworks */,
				77FCA42F3078B1740091C00D /* SwiftNavigation in Frameworks */,
				77FCA4313078B1740091C00D /* UIKitNavigation in Frameworks */,
				77FCA4333078B1740091C00D /* XCTestDynamicOverlay in Frameworks */,
				772FBCF62FF3A3F200336CF6 /* Alamofire in Frameworks */,
				951921A53049CCB300666ACA /* FirebaseMessaging in Frameworks */,
				772FBCF82FF3A40100336CF6 /* GoogleSignIn in Frameworks */,
				9570E47F2FE45C37002FA6DE /* NMapsMap in Frameworks */,
				D4A1B2C32FF4A10000AA0001 /* Kingfisher in Frameworks */,
				E6B4C0013011000000000001 /* SwiftStomp in Frameworks */,
				952FEC09307528E300DB907E /* KohereCore.framework in Frameworks */,
				952FED10307528E300DB907E /* KohereLocalization.framework in Frameworks */,
			);
			runOnlyForDeploymentPostprocessing = 0;
		};
		9570C2A42FD9DA9E002FA6DE /* Frameworks */ = {
			isa = PBXFrameworksBuildPhase;
			buildActionMask = 2147483647;
			files = (
			);
			runOnlyForDeploymentPostprocessing = 0;
		};
		9570C2AE2FD9DA9E002FA6DE /* Frameworks */ = {
			isa = PBXFrameworksBuildPhase;
			buildActionMask = 2147483647;
			files = (
			);
			runOnlyForDeploymentPostprocessing = 0;
		};
/* End PBXFrameworksBuildPhase section */

/* Begin PBXGroup section */
		77FCA4103078B1740091C00D /* Frameworks */ = {
			isa = PBXGroup;
			children = (
			);
			name = Frameworks;
			sourceTree = "<group>";
		};
		9570C2912FD9DA9D002FA6DE = {
			isa = PBXGroup;
			children = (
				778F3DF02FDA7D0D00AFF730 /* .swiftlint.yml */,
				9570E4802FE58572002FA6DE /* Config */,
				9570C29C2FD9DA9D002FA6DE /* Kohere */,
				9570C2AA2FD9DA9E002FA6DE /* KohereTests */,
				9570C2B42FD9DA9E002FA6DE /* KohereUITests */,
				952FEC04307528E300DB907E /* KohereCore */,
				952FED18307528E300DB907E /* KohereLocalization */,
				77FCA4023078AF320091C00D /* KohereDomain */,
				77FCA4103078B1740091C00D /* Frameworks */,
				9570C29B2FD9DA9D002FA6DE /* Products */,
			);
			sourceTree = "<group>";
		};
		9570C29B2FD9DA9D002FA6DE /* Products */ = {
			isa = PBXGroup;
			children = (
				9570C29A2FD9DA9D002FA6DE /* Kohere.app */,
				9570C2A72FD9DA9E002FA6DE /* KohereTests.xctest */,
				9570C2B12FD9DA9E002FA6DE /* KohereUITests.xctest */,
				952FEC03307528E300DB907E /* KohereCore.framework */,
				952FED17307528E300DB907E /* KohereLocalization.framework */,
				77FCA4013078AF320091C00D /* KohereDomain.framework */,
			);
			name = Products;
			sourceTree = "<group>";
		};
		9570E4802FE58572002FA6DE /* Config */ = {
			isa = PBXGroup;
			children = (
				9570E4812FE58572002FA6DE /* Config/Base.xcconfig */,
				9570E4822FE58572002FA6DE /* Config/Secrets.xcconfig.example */,
			);
			name = Config;
			sourceTree = "<group>";
		};
/* End PBXGroup section */

/* Begin PBXHeadersBuildPhase section */
		77FCA3FC3078AF320091C00D /* Headers */ = {
			isa = PBXHeadersBuildPhase;
			buildActionMask = 2147483647;
			files = (
			);
			runOnlyForDeploymentPostprocessing = 0;
		};
		952FEBFE307528E300DB907E /* Headers */ = {
			isa = PBXHeadersBuildPhase;
			buildActionMask = 2147483647;
			files = (
			);
			runOnlyForDeploymentPostprocessing = 0;
		};
		952FED19307528E300DB907E /* Headers */ = {
			isa = PBXHeadersBuildPhase;
			buildActionMask = 2147483647;
			files = (
			);
			runOnlyForDeploymentPostprocessing = 0;
		};
/* End PBXHeadersBuildPhase section */

/* Begin PBXNativeTarget section */
		77FCA4003078AF320091C00D /* KohereDomain */ = {
			isa = PBXNativeTarget;
			buildConfigurationList = 77FCA40B3078AF320091C00D /* Build configuration list for PBXNativeTarget "KohereDomain" */;
			buildPhases = (
				77FCA3FC3078AF320091C00D /* Headers */,
				77FCA3FD3078AF320091C00D /* Sources */,
				77FCA3FE3078AF320091C00D /* Frameworks */,
				77FCA3FF3078AF320091C00D /* Resources */,
				77FCA4153078B1740091C00D /* Embed Frameworks */,
			);
			buildRules = (
			);
			dependencies = (
				77FCA4143078B1740091C00D /* PBXTargetDependency */,
			);
			fileSystemSynchronizedGroups = (
				77FCA4023078AF320091C00D /* KohereDomain */,
			);
			name = KohereDomain;
			packageProductDependencies = (
				778F3DF42FDAA3000AFF730 /* ComposableArchitecture */,
				77FCA4173078B1740091C00D /* Dependencies */,
			);
			productName = KohereDomain;
			productReference = 77FCA4013078AF320091C00D /* KohereDomain.framework */;
			productType = "com.apple.product-type.framework";
		};
		952FEC02307528E300DB907E /* KohereCore */ = {
			isa = PBXNativeTarget;
			buildConfigurationList = 952FEC0E307528E300DB907E /* Build configuration list for PBXNativeTarget "KohereCore" */;
			buildPhases = (
				952FEBFE307528E300DB907E /* Headers */,
				952FEBFF307528E300DB907E /* Sources */,
				952FEC00307528E300DB907E /* Frameworks */,
				952FEC01307528E300DB907E /* Resources */,
			);
			buildRules = (
			);
			dependencies = (
			);
			fileSystemSynchronizedGroups = (
				952FEC04307528E300DB907E /* KohereCore */,
			);
			name = KohereCore;
			packageProductDependencies = (
			);
			productName = KohereCore;
			productReference = 952FEC03307528E300DB907E /* KohereCore.framework */;
			productType = "com.apple.product-type.framework";
		};
		952FED1D307528E300DB907E /* KohereLocalization */ = {
			isa = PBXNativeTarget;
			buildConfigurationList = 952FED20307528E300DB907E /* Build configuration list for PBXNativeTarget "KohereLocalization" */;
			buildPhases = (
				952FED19307528E300DB907E /* Headers */,
				952FED1A307528E300DB907E /* Sources */,
				952FED1B307528E300DB907E /* Frameworks */,
				952FED1C307528E300DB907E /* Resources */,
			);
			buildRules = (
			);
			dependencies = (
				952FED16307528E300DB907E /* PBXTargetDependency */,
			);
			fileSystemSynchronizedGroups = (
				952FED18307528E300DB907E /* KohereLocalization */,
			);
			name = KohereLocalization;
			packageProductDependencies = (
			);
			productName = KohereLocalization;
			productReference = 952FED17307528E300DB907E /* KohereLocalization.framework */;
			productType = "com.apple.product-type.framework";
		};
		9570C2992FD9DA9D002FA6DE /* Kohere */ = {
			isa = PBXNativeTarget;
			buildConfigurationList = 9570C2BB2FD9DA9E002FA6DE /* Build configuration list for PBXNativeTarget "Kohere" */;
			buildPhases = (
				9570C2962FD9DA9D002FA6DE /* Sources */,
				9570C2972FD9DA9D002FA6DE /* Frameworks */,
				9570C2982FD9DA9D002FA6DE /* Resources */,
				778F3D012FDA7B6900AFF730 /* ShellScript */,
				952FEC0B307528E300DB907E /* Embed Frameworks */,
			);
			buildRules = (
			);
			dependencies = (
				952FEC08307528E300DB907E /* PBXTargetDependency */,
				952FED15307528E300DB907E /* PBXTargetDependency */,
				77FCA4063078AF320091C00D /* PBXTargetDependency */,
			);
			fileSystemSynchronizedGroups = (
				9570C29C2FD9DA9D002FA6DE /* Kohere */,
			);
			name = Kohere;
			packageProductDependencies = (
				778F3DF42FDAA3000AFF730 /* ComposableArchitecture */,
				77FCA41C3078B1740091C00D /* CasePaths */,
				77FCA41E3078B1740091C00D /* CasePathsCore */,
				77FCA4203078B1740091C00D /* ConcurrencyExtras */,
				77FCA4223078B1740091C00D /* CustomDump */,
				77FCA4173078B1740091C00D /* Dependencies */,
				77FCA4243078B1740091C00D /* IdentifiedCollections */,
				77FCA4283078B1740091C00D /* IssueReporting */,
				77FCA41A3078B1740091C00D /* OrderedCollections */,
				77FCA42A3078B1740091C00D /* Perception */,
				77FCA42C3078B1740091C00D /* PerceptionCore */,
				77FCA42E3078B1740091C00D /* SwiftNavigation */,
				77FCA4303078B1740091C00D /* UIKitNavigation */,
				77FCA4323078B1740091C00D /* XCTestDynamicOverlay */,
				772FBCF72FF3A3F200336CF6 /* Alamofire */,
				772FBCF92FF3A40100336CF6 /* GoogleSignIn */,
				9570E47E2FE45C37002FA6DE /* NMapsMap */,
				D4A1B2C32FF4A10000AA0003 /* Kingfisher */,
				E6B4C0013011000000000003 /* SwiftStomp */,
				951921A43049CCB300666ACA /* FirebaseMessaging */,
			);
			productName = Kohere;
			productReference = 9570C29A2FD9DA9D002FA6DE /* Kohere.app */;
			productType = "com.apple.product-type.application";
		};
		9570C2A62FD9DA9E002FA6DE /* KohereTests */ = {
			isa = PBXNativeTarget;
			buildConfigurationList = 9570C2BE2FD9DA9E002FA6DE /* Build configuration list for PBXNativeTarget "KohereTests" */;
			buildPhases = (
				9570C2A32FD9DA9E002FA6DE /* Sources */,
				9570C2A42FD9DA9E002FA6DE /* Frameworks */,
				9570C2A52FD9DA9E002FA6DE /* Resources */,
			);
			buildRules = (
			);
			dependencies = (
				9570C2A92FD9DA9E002FA6DE /* PBXTargetDependency */,
			);
			fileSystemSynchronizedGroups = (
				9570C2AA2FD9DA9E002FA6DE /* KohereTests */,
			);
			name = KohereTests;
			packageProductDependencies = (
			);
			productName = KohereTests;
			productReference = 9570C2A72FD9DA9E002FA6DE /* KohereTests.xctest */;
			productType = "com.apple.product-type.bundle.unit-test";
		};
		9570C2B02FD9DA9E002FA6DE /* KohereUITests */ = {
			isa = PBXNativeTarget;
			buildConfigurationList = 9570C2C12FD9DA9E002FA6DE /* Build configuration list for PBXNativeTarget "KohereUITests" */;
			buildPhases = (
				9570C2AD2FD9DA9E002FA6DE /* Sources */,
				9570C2AE2FD9DA9E002FA6DE /* Frameworks */,
				9570C2AF2FD9DA9E002FA6DE /* Resources */,
			);
			buildRules = (
			);
			dependencies = (
				9570C2B32FD9DA9E002FA6DE /* PBXTargetDependency */,
			);
			fileSystemSynchronizedGroups = (
				9570C2B42FD9DA9E002FA6DE /* KohereUITests */,
			);
			name = KohereUITests;
			packageProductDependencies = (
			);
			productName = KohereUITests;
			productReference = 9570C2B12FD9DA9E002FA6DE /* KohereUITests.xctest */;
			productType = "com.apple.product-type.bundle.ui-testing";
		};
/* End PBXNativeTarget section */

/* Begin PBXProject section */
		9570C2922FD9DA9D002FA6DE /* Project object */ = {
			isa = PBXProject;
			attributes = {
				BuildIndependentTargetsInParallel = 1;
				LastSwiftUpdateCheck = 2600;
				LastUpgradeCheck = 2620;
				TargetAttributes = {
					77FCA4003078AF320091C00D = {
						CreatedOnToolsVersion = 26.0;
					};
					952FEC02307528E300DB907E = {
						CreatedOnToolsVersion = 27.0;
					};
					952FED1D307528E300DB907E = {
						CreatedOnToolsVersion = 27.0;
					};
					9570C2992FD9DA9D002FA6DE = {
						CreatedOnToolsVersion = 26.2;
						SystemCapabilities = {
							com.apple.SignInWithApple = {
								enabled = 1;
							};
						};
					};
					9570C2A62FD9DA9E002FA6DE = {
						CreatedOnToolsVersion = 26.2;
						TestTargetID = 9570C2992FD9DA9D002FA6DE;
					};
					9570C2B02FD9DA9E002FA6DE = {
						CreatedOnToolsVersion = 26.2;
						TestTargetID = 9570C2992FD9DA9D002FA6DE;
					};
				};
			};
			buildConfigurationList = 9570C2952FD9DA9D002FA6DE /* Build configuration list for PBXProject "Kohere" */;
			developmentRegion = en;
			hasScannedForEncodings = 0;
			knownRegions = (
				en,
				ko,
				Base,
			);
			mainGroup = 9570C2912FD9DA9D002FA6DE;
			minimizedProjectReferenceProxies = 1;
			packageReferences = (
				778F3DF52FDAA3000AFF730 /* XCRemoteSwiftPackageReference "swift-composable-architecture" */,
				9570E47D2FE45C37002FA6DE /* XCRemoteSwiftPackageReference "SPM-NMapsMap" */,
				772FBCF42FF38F2F00336CF6 /* XCRemoteSwiftPackageReference "GoogleSignIn-iOS" */,
				772FBCF52FF3981E00336CF6 /* XCRemoteSwiftPackageReference "Alamofire" */,
				D4A1B2C32FF4A10000AA0002 /* XCRemoteSwiftPackageReference "Kingfisher" */,
				E6B4C0013011000000000002 /* XCRemoteSwiftPackageReference "SwiftStomp" */,
				951921A33049CCB300666ACA /* XCRemoteSwiftPackageReference "firebase-ios-sdk" */,
			);
			preferredProjectObjectVersion = 77;
			productRefGroup = 9570C29B2FD9DA9D002FA6DE /* Products */;
			projectDirPath = "";
			projectRoot = "";
			targets = (
				9570C2992FD9DA9D002FA6DE /* Kohere */,
				9570C2A62FD9DA9E002FA6DE /* KohereTests */,
				9570C2B02FD9DA9E002FA6DE /* KohereUITests */,
				952FEC02307528E300DB907E /* KohereCore */,
				952FED1D307528E300DB907E /* KohereLocalization */,
				77FCA4003078AF320091C00D /* KohereDomain */,
			);
		};
/* End PBXProject section */

/* Begin PBXResourcesBuildPhase section */
		77FCA3FF3078AF320091C00D /* Resources */ = {
			isa = PBXResourcesBuildPhase;
			buildActionMask = 2147483647;
			files = (
			);
			runOnlyForDeploymentPostprocessing = 0;
		};
		952FEC01307528E300DB907E /* Resources */ = {
			isa = PBXResourcesBuildPhase;
			buildActionMask = 2147483647;
			files = (
			);
			runOnlyForDeploymentPostprocessing = 0;
		};
		952FED1C307528E300DB907E /* Resources */ = {
			isa = PBXResourcesBuildPhase;
			buildActionMask = 2147483647;
			files = (
			);
			runOnlyForDeploymentPostprocessing = 0;
		};
		9570C2982FD9DA9D002FA6DE /* Resources */ = {
			isa = PBXResourcesBuildPhase;
			buildActionMask = 2147483647;
			files = (
			);
			runOnlyForDeploymentPostprocessing = 0;
		};
		9570C2A52FD9DA9E002FA6DE /* Resources */ = {
			isa = PBXResourcesBuildPhase;
			buildActionMask = 2147483647;
			files = (
			);
			runOnlyForDeploymentPostprocessing = 0;
		};
		9570C2AF2FD9DA9E002FA6DE /* Resources */ = {
			isa = PBXResourcesBuildPhase;
			buildActionMask = 2147483647;
			files = (
			);
			runOnlyForDeploymentPostprocessing = 0;
		};
/* End PBXResourcesBuildPhase section */

/* Begin PBXShellScriptBuildPhase section */
		778F3D012FDA7B6900AFF730 /* ShellScript */ = {
			isa = PBXShellScriptBuildPhase;
			alwaysOutOfDate = 1;
			buildActionMask = 2147483647;
			files = (
			);
			inputFileListPaths = (
			);
			inputPaths = (
			);
			outputFileListPaths = (
			);
			outputPaths = (
			);
			runOnlyForDeploymentPostprocessing = 0;
			shellPath = /bin/sh;
			shellScript = "# Type a script or drag a script file from your workspace to insert its path.\nif [[ \"$(uname -m)\" == arm64 ]]; then\n    export PATH=\"/opt/homebrew/bin:$PATH\"\nfi\n \nif which swiftlint > /dev/null; then\n  swiftlint\nelse\n  echo \"warning: SwiftLint not installed, download from https://github.com/realm/SwiftLint\"\nfi\n";
		};
/* End PBXShellScriptBuildPhase section */

/* Begin PBXSourcesBuildPhase section */
		77FCA3FD3078AF320091C00D /* Sources */ = {
			isa = PBXSourcesBuildPhase;
			buildActionMask = 2147483647;
			files = (
			);
			runOnlyForDeploymentPostprocessing = 0;
		};
		952FEBFF307528E300DB907E /* Sources */ = {
			isa = PBXSourcesBuildPhase;
			buildActionMask = 2147483647;
			files = (
			);
			runOnlyForDeploymentPostprocessing = 0;
		};
		952FED1A307528E300DB907E /* Sources */ = {
			isa = PBXSourcesBuildPhase;
			buildActionMask = 2147483647;
			files = (
			);
			runOnlyForDeploymentPostprocessing = 0;
		};
		9570C2962FD9DA9D002FA6DE /* Sources */ = {
			isa = PBXSourcesBuildPhase;
			buildActionMask = 2147483647;
			files = (
			);
			runOnlyForDeploymentPostprocessing = 0;
		};
		9570C2A32FD9DA9E002FA6DE /* Sources */ = {
			isa = PBXSourcesBuildPhase;
			buildActionMask = 2147483647;
			files = (
			);
			runOnlyForDeploymentPostprocessing = 0;
		};
		9570C2AD2FD9DA9E002FA6DE /* Sources */ = {
			isa = PBXSourcesBuildPhase;
			buildActionMask = 2147483647;
			files = (
			);
			runOnlyForDeploymentPostprocessing = 0;
		};
/* End PBXSourcesBuildPhase section */

/* Begin PBXTargetDependency section */
		77FCA4063078AF320091C00D /* PBXTargetDependency */ = {
			isa = PBXTargetDependency;
			target = 77FCA4003078AF320091C00D /* KohereDomain */;
			targetProxy = 77FCA4053078AF320091C00D /* PBXContainerItemProxy */;
		};
		77FCA4143078B1740091C00D /* PBXTargetDependency */ = {
			isa = PBXTargetDependency;
			target = 952FEC02307528E300DB907E /* KohereCore */;
			targetProxy = 77FCA4133078B1740091C00D /* PBXContainerItemProxy */;
		};
		952FEC08307528E300DB907E /* PBXTargetDependency */ = {
			isa = PBXTargetDependency;
			target = 952FEC02307528E300DB907E /* KohereCore */;
			targetProxy = 952FEC07307528E300DB907E /* PBXContainerItemProxy */;
		};
		952FED15307528E300DB907E /* PBXTargetDependency */ = {
			isa = PBXTargetDependency;
			target = 952FED1D307528E300DB907E /* KohereLocalization */;
			targetProxy = 952FED13307528E300DB907E /* PBXContainerItemProxy */;
		};
		952FED16307528E300DB907E /* PBXTargetDependency */ = {
			isa = PBXTargetDependency;
			target = 952FEC02307528E300DB907E /* KohereCore */;
			targetProxy = 952FED14307528E300DB907E /* PBXContainerItemProxy */;
		};
		9570C2A92FD9DA9E002FA6DE /* PBXTargetDependency */ = {
			isa = PBXTargetDependency;
			target = 9570C2992FD9DA9D002FA6DE /* Kohere */;
			targetProxy = 9570C2A82FD9DA9E002FA6DE /* PBXContainerItemProxy */;
		};
		9570C2B32FD9DA9E002FA6DE /* PBXTargetDependency */ = {
			isa = PBXTargetDependency;
			target = 9570C2992FD9DA9D002FA6DE /* Kohere */;
			targetProxy = 9570C2B22FD9DA9E002FA6DE /* PBXContainerItemProxy */;
		};
/* End PBXTargetDependency section */

/* Begin XCBuildConfiguration section */
		77FCA4093078AF320091C00D /* Debug */ = {
			isa = XCBuildConfiguration;
			buildSettings = {
				BUILD_LIBRARY_FOR_DISTRIBUTION = NO;
				CODE_SIGN_STYLE = Automatic;
				CURRENT_PROJECT_VERSION = 1;
				DEVELOPMENT_TEAM = 2YTVA7GW5S;
				DYLIB_COMPATIBILITY_VERSION = 1;
				DYLIB_CURRENT_VERSION = 1;
				DYLIB_INSTALL_NAME_BASE = "@rpath";
				ENABLE_MODULE_VERIFIER = YES;
				ENABLE_USER_SCRIPT_SANDBOXING = YES;
				GENERATE_INFOPLIST_FILE = YES;
				INFOPLIST_KEY_NSHumanReadableCopyright = "";
				INSTALL_PATH = "$(LOCAL_LIBRARY_DIR)/Frameworks";
				IPHONEOS_DEPLOYMENT_TARGET = 17.0;
				LD_RUNPATH_SEARCH_PATHS = (
					"$(inherited)",
					"@executable_path/Frameworks",
					"@loader_path/Frameworks",
				);
				MARKETING_VERSION = 1.0;
				MODULE_VERIFIER_SUPPORTED_LANGUAGES = "objective-c objective-c++";
				MODULE_VERIFIER_SUPPORTED_LANGUAGE_STANDARDS = "gnu17 gnu++20";
				PRODUCT_BUNDLE_IDENTIFIER = com.kohere.KohereDomain;
				PRODUCT_NAME = "$(TARGET_NAME:c99extidentifier)";
				SKIP_INSTALL = YES;
				STRING_CATALOG_GENERATE_SYMBOLS = YES;
				SWIFT_APPROACHABLE_CONCURRENCY = YES;
				SWIFT_EMIT_LOC_STRINGS = YES;
				SWIFT_INSTALL_MODULE = YES;
				SWIFT_INSTALL_OBJC_HEADER = NO;
				SWIFT_UPCOMING_FEATURE_MEMBER_IMPORT_VISIBILITY = YES;
				SWIFT_VERSION = 5.0;
				TARGETED_DEVICE_FAMILY = "1,2";
				VERSIONING_SYSTEM = "apple-generic";
				VERSION_INFO_PREFIX = "";
			};
			name = Debug;
		};
		77FCA40A3078AF320091C00D /* Release */ = {
			isa = XCBuildConfiguration;
			buildSettings = {
				BUILD_LIBRARY_FOR_DISTRIBUTION = NO;
				CODE_SIGN_STYLE = Automatic;
				CURRENT_PROJECT_VERSION = 1;
				DEVELOPMENT_TEAM = 2YTVA7GW5S;
				DYLIB_COMPATIBILITY_VERSION = 1;
				DYLIB_CURRENT_VERSION = 1;
				DYLIB_INSTALL_NAME_BASE = "@rpath";
				ENABLE_MODULE_VERIFIER = YES;
				ENABLE_USER_SCRIPT_SANDBOXING = YES;
				GENERATE_INFOPLIST_FILE = YES;
				INFOPLIST_KEY_NSHumanReadableCopyright = "";
				INSTALL_PATH = "$(LOCAL_LIBRARY_DIR)/Frameworks";
				IPHONEOS_DEPLOYMENT_TARGET = 17.0;
				LD_RUNPATH_SEARCH_PATHS = (
					"$(inherited)",
					"@executable_path/Frameworks",
					"@loader_path/Frameworks",
				);
				MARKETING_VERSION = 1.0;
				MODULE_VERIFIER_SUPPORTED_LANGUAGES = "objective-c objective-c++";
				MODULE_VERIFIER_SUPPORTED_LANGUAGE_STANDARDS = "gnu17 gnu++20";
				PRODUCT_BUNDLE_IDENTIFIER = com.kohere.KohereDomain;
				PRODUCT_NAME = "$(TARGET_NAME:c99extidentifier)";
				SKIP_INSTALL = YES;
				STRING_CATALOG_GENERATE_SYMBOLS = YES;
				SWIFT_APPROACHABLE_CONCURRENCY = YES;
				SWIFT_EMIT_LOC_STRINGS = YES;
				SWIFT_INSTALL_MODULE = YES;
				SWIFT_INSTALL_OBJC_HEADER = NO;
				SWIFT_UPCOMING_FEATURE_MEMBER_IMPORT_VISIBILITY = YES;
				SWIFT_VERSION = 5.0;
				TARGETED_DEVICE_FAMILY = "1,2";
				VERSIONING_SYSTEM = "apple-generic";
				VERSION_INFO_PREFIX = "";
			};
			name = Release;
		};
		952FEC0C307528E300DB907E /* Debug */ = {
			isa = XCBuildConfiguration;
			buildSettings = {
				BUILD_LIBRARY_FOR_DISTRIBUTION = NO;
				CODE_SIGN_STYLE = Automatic;
				CURRENT_PROJECT_VERSION = 1;
				DEVELOPMENT_TEAM = 2YTVA7GW5S;
				DYLIB_COMPATIBILITY_VERSION = 1;
				DYLIB_CURRENT_VERSION = 1;
				DYLIB_INSTALL_NAME_BASE = "@rpath";
				ENABLE_MODULE_VERIFIER = YES;
				ENABLE_USER_SCRIPT_SANDBOXING = YES;
				GENERATE_INFOPLIST_FILE = YES;
				INFOPLIST_KEY_NSHumanReadableCopyright = "";
				INSTALL_PATH = "$(LOCAL_LIBRARY_DIR)/Frameworks";
				IPHONEOS_DEPLOYMENT_TARGET = 17.0;
				LD_RUNPATH_SEARCH_PATHS = (
					"$(inherited)",
					"@executable_path/Frameworks",
					"@loader_path/Frameworks",
				);
				MARKETING_VERSION = 1.0;
				MODULE_VERIFIER_SUPPORTED_LANGUAGES = "objective-c objective-c++";
				MODULE_VERIFIER_SUPPORTED_LANGUAGE_STANDARDS = "gnu17 gnu++20";
				PRODUCT_BUNDLE_IDENTIFIER = com.kohere.KohereCore;
				PRODUCT_NAME = "$(TARGET_NAME:c99extidentifier)";
				SKIP_INSTALL = YES;
				STRING_CATALOG_GENERATE_SYMBOLS = YES;
				SWIFT_APPROACHABLE_CONCURRENCY = YES;
				SWIFT_DEFAULT_ACTOR_ISOLATION = MainActor;
				SWIFT_EMIT_LOC_STRINGS = YES;
				SWIFT_INSTALL_MODULE = YES;
				SWIFT_INSTALL_OBJC_HEADER = NO;
				SWIFT_UPCOMING_FEATURE_MEMBER_IMPORT_VISIBILITY = YES;
				SWIFT_VERSION = 5.0;
				TARGETED_DEVICE_FAMILY = 1;
				VERSIONING_SYSTEM = "apple-generic";
				VERSION_INFO_PREFIX = "";
			};
			name = Debug;
		};
		952FEC0D307528E300DB907E /* Release */ = {
			isa = XCBuildConfiguration;
			buildSettings = {
				BUILD_LIBRARY_FOR_DISTRIBUTION = NO;
				CODE_SIGN_STYLE = Automatic;
				CURRENT_PROJECT_VERSION = 1;
				DEVELOPMENT_TEAM = 2YTVA7GW5S;
				DYLIB_COMPATIBILITY_VERSION = 1;
				DYLIB_CURRENT_VERSION = 1;
				DYLIB_INSTALL_NAME_BASE = "@rpath";
				ENABLE_MODULE_VERIFIER = YES;
				ENABLE_USER_SCRIPT_SANDBOXING = YES;
				GENERATE_INFOPLIST_FILE = YES;
				INFOPLIST_KEY_NSHumanReadableCopyright = "";
				INSTALL_PATH = "$(LOCAL_LIBRARY_DIR)/Frameworks";
				IPHONEOS_DEPLOYMENT_TARGET = 17.0;
				LD_RUNPATH_SEARCH_PATHS = (
					"$(inherited)",
					"@executable_path/Frameworks",
					"@loader_path/Frameworks",
				);
				MARKETING_VERSION = 1.0;
				MODULE_VERIFIER_SUPPORTED_LANGUAGES = "objective-c objective-c++";
				MODULE_VERIFIER_SUPPORTED_LANGUAGE_STANDARDS = "gnu17 gnu++20";
				PRODUCT_BUNDLE_IDENTIFIER = com.kohere.KohereCore;
				PRODUCT_NAME = "$(TARGET_NAME:c99extidentifier)";
				SKIP_INSTALL = YES;
				STRING_CATALOG_GENERATE_SYMBOLS = YES;
				SWIFT_APPROACHABLE_CONCURRENCY = YES;
				SWIFT_DEFAULT_ACTOR_ISOLATION = MainActor;
				SWIFT_EMIT_LOC_STRINGS = YES;
				SWIFT_INSTALL_MODULE = YES;
				SWIFT_INSTALL_OBJC_HEADER = NO;
				SWIFT_UPCOMING_FEATURE_MEMBER_IMPORT_VISIBILITY = YES;
				SWIFT_VERSION = 5.0;
				TARGETED_DEVICE_FAMILY = 1;
				VERSIONING_SYSTEM = "apple-generic";
				VERSION_INFO_PREFIX = "";
			};
			name = Release;
		};
		952FED1E307528E300DB907E /* Debug */ = {
			isa = XCBuildConfiguration;
			buildSettings = {
				BUILD_LIBRARY_FOR_DISTRIBUTION = NO;
				CODE_SIGN_STYLE = Automatic;
				CURRENT_PROJECT_VERSION = 1;
				DEVELOPMENT_TEAM = 2YTVA7GW5S;
				DYLIB_COMPATIBILITY_VERSION = 1;
				DYLIB_CURRENT_VERSION = 1;
				DYLIB_INSTALL_NAME_BASE = "@rpath";
				ENABLE_MODULE_VERIFIER = YES;
				ENABLE_USER_SCRIPT_SANDBOXING = YES;
				GENERATE_INFOPLIST_FILE = YES;
				INFOPLIST_KEY_NSHumanReadableCopyright = "";
				INSTALL_PATH = "$(LOCAL_LIBRARY_DIR)/Frameworks";
				IPHONEOS_DEPLOYMENT_TARGET = 17.0;
				LD_RUNPATH_SEARCH_PATHS = (
					"$(inherited)",
					"@executable_path/Frameworks",
					"@loader_path/Frameworks",
				);
				MARKETING_VERSION = 1.0;
				MODULE_VERIFIER_SUPPORTED_LANGUAGES = "objective-c objective-c++";
				MODULE_VERIFIER_SUPPORTED_LANGUAGE_STANDARDS = "gnu17 gnu++20";
				PRODUCT_BUNDLE_IDENTIFIER = com.kohere.KohereLocalization;
				PRODUCT_NAME = "$(TARGET_NAME:c99extidentifier)";
				SKIP_INSTALL = YES;
				STRING_CATALOG_GENERATE_SYMBOLS = YES;
				SWIFT_APPROACHABLE_CONCURRENCY = YES;
				SWIFT_DEFAULT_ACTOR_ISOLATION = MainActor;
				SWIFT_EMIT_LOC_STRINGS = YES;
				SWIFT_INSTALL_MODULE = YES;
				SWIFT_INSTALL_OBJC_HEADER = NO;
				SWIFT_UPCOMING_FEATURE_MEMBER_IMPORT_VISIBILITY = YES;
				SWIFT_VERSION = 5.0;
				TARGETED_DEVICE_FAMILY = 1;
				VERSIONING_SYSTEM = "apple-generic";
				VERSION_INFO_PREFIX = "";
			};
			name = Debug;
		};
		952FED1F307528E300DB907E /* Release */ = {
			isa = XCBuildConfiguration;
			buildSettings = {
				BUILD_LIBRARY_FOR_DISTRIBUTION = NO;
				CODE_SIGN_STYLE = Automatic;
				CURRENT_PROJECT_VERSION = 1;
				DEVELOPMENT_TEAM = 2YTVA7GW5S;
				DYLIB_COMPATIBILITY_VERSION = 1;
				DYLIB_CURRENT_VERSION = 1;
				DYLIB_INSTALL_NAME_BASE = "@rpath";
				ENABLE_MODULE_VERIFIER = YES;
				ENABLE_USER_SCRIPT_SANDBOXING = YES;
				GENERATE_INFOPLIST_FILE = YES;
				INFOPLIST_KEY_NSHumanReadableCopyright = "";
				INSTALL_PATH = "$(LOCAL_LIBRARY_DIR)/Frameworks";
				IPHONEOS_DEPLOYMENT_TARGET = 17.0;
				LD_RUNPATH_SEARCH_PATHS = (
					"$(inherited)",
					"@executable_path/Frameworks",
					"@loader_path/Frameworks",
				);
				MARKETING_VERSION = 1.0;
				MODULE_VERIFIER_SUPPORTED_LANGUAGES = "objective-c objective-c++";
				MODULE_VERIFIER_SUPPORTED_LANGUAGE_STANDARDS = "gnu17 gnu++20";
				PRODUCT_BUNDLE_IDENTIFIER = com.kohere.KohereLocalization;
				PRODUCT_NAME = "$(TARGET_NAME:c99extidentifier)";
				SKIP_INSTALL = YES;
				STRING_CATALOG_GENERATE_SYMBOLS = YES;
				SWIFT_APPROACHABLE_CONCURRENCY = YES;
				SWIFT_DEFAULT_ACTOR_ISOLATION = MainActor;
				SWIFT_EMIT_LOC_STRINGS = YES;
				SWIFT_INSTALL_MODULE = YES;
				SWIFT_INSTALL_OBJC_HEADER = NO;
				SWIFT_UPCOMING_FEATURE_MEMBER_IMPORT_VISIBILITY = YES;
				SWIFT_VERSION = 5.0;
				TARGETED_DEVICE_FAMILY = 1;
				VERSIONING_SYSTEM = "apple-generic";
				VERSION_INFO_PREFIX = "";
			};
			name = Release;
		};
		9570C2B92FD9DA9E002FA6DE /* Debug */ = {
			isa = XCBuildConfiguration;
			buildSettings = {
				ALWAYS_SEARCH_USER_PATHS = NO;
				ASSETCATALOG_COMPILER_GENERATE_SWIFT_ASSET_SYMBOL_EXTENSIONS = YES;
				CLANG_ANALYZER_NONNULL = YES;
				CLANG_ANALYZER_NUMBER_OBJECT_CONVERSION = YES_AGGRESSIVE;
				CLANG_CXX_LANGUAGE_STANDARD = "gnu++20";
				CLANG_ENABLE_MODULES = YES;
				CLANG_ENABLE_OBJC_ARC = YES;
				CLANG_ENABLE_OBJC_WEAK = YES;
				CLANG_WARN_BLOCK_CAPTURE_AUTORELEASING = YES;
				CLANG_WARN_BOOL_CONVERSION = YES;
				CLANG_WARN_COMMA = YES;
				CLANG_WARN_CONSTANT_CONVERSION = YES;
				CLANG_WARN_DEPRECATED_OBJC_IMPLEMENTATIONS = YES;
				CLANG_WARN_DIRECT_OBJC_ISA_USAGE = YES_ERROR;
				CLANG_WARN_DOCUMENTATION_COMMENTS = YES;
				CLANG_WARN_EMPTY_BODY = YES;
				CLANG_WARN_ENUM_CONVERSION = YES;
				CLANG_WARN_INFINITE_RECURSION = YES;
				CLANG_WARN_INT_CONVERSION = YES;
				CLANG_WARN_NON_LITERAL_NULL_CONVERSION = YES;
				CLANG_WARN_OBJC_IMPLICIT_RETAIN_SELF = YES;
				CLANG_WARN_OBJC_LITERAL_CONVERSION = YES;
				CLANG_WARN_OBJC_ROOT_CLASS = YES_ERROR;
				CLANG_WARN_QUOTED_INCLUDE_IN_FRAMEWORK_HEADER = YES;
				CLANG_WARN_RANGE_LOOP_ANALYSIS = YES;
				CLANG_WARN_STRICT_PROTOTYPES = YES;
				CLANG_WARN_SUSPICIOUS_MOVE = YES;
				CLANG_WARN_UNGUARDED_AVAILABILITY = YES_AGGRESSIVE;
				CLANG_WARN_UNREACHABLE_CODE = YES;
				CLANG_WARN__DUPLICATE_METHOD_MATCH = YES;
				COPY_PHASE_STRIP = NO;
				DEBUG_INFORMATION_FORMAT = dwarf;
				ENABLE_STRICT_OBJC_MSGSEND = YES;
				ENABLE_TESTABILITY = YES;
				ENABLE_USER_SCRIPT_SANDBOXING = NO;
				GCC_C_LANGUAGE_STANDARD = gnu17;
				GCC_DYNAMIC_NO_PIC = NO;
				GCC_NO_COMMON_BLOCKS = YES;
				GCC_OPTIMIZATION_LEVEL = 0;
				GCC_PREPROCESSOR_DEFINITIONS = (
					"DEBUG=1",
					"$(inherited)",
				);
				GCC_WARN_64_TO_32_BIT_CONVERSION = YES;
				GCC_WARN_ABOUT_RETURN_TYPE = YES_ERROR;
				GCC_WARN_UNDECLARED_SELECTOR = YES;
				GCC_WARN_UNINITIALIZED_AUTOS = YES_AGGRESSIVE;
				GCC_WARN_UNUSED_FUNCTION = YES;
				GCC_WARN_UNUSED_VARIABLE = YES;
				IPHONEOS_DEPLOYMENT_TARGET = 26.2;
				LOCALIZATION_PREFERS_STRING_CATALOGS = YES;
				MTL_ENABLE_DEBUG_INFO = INCLUDE_SOURCE;
				MTL_FAST_MATH = YES;
				ONLY_ACTIVE_ARCH = YES;
				SDKROOT = iphoneos;
				SWIFT_ACTIVE_COMPILATION_CONDITIONS = "DEBUG $(inherited)";
				SWIFT_OPTIMIZATION_LEVEL = "-Onone";
			};
			name = Debug;
		};
		9570C2BA2FD9DA9E002FA6DE /* Release */ = {
			isa = XCBuildConfiguration;
			buildSettings = {
				ALWAYS_SEARCH_USER_PATHS = NO;
				ASSETCATALOG_COMPILER_GENERATE_SWIFT_ASSET_SYMBOL_EXTENSIONS = YES;
				CLANG_ANALYZER_NONNULL = YES;
				CLANG_ANALYZER_NUMBER_OBJECT_CONVERSION = YES_AGGRESSIVE;
				CLANG_CXX_LANGUAGE_STANDARD = "gnu++20";
				CLANG_ENABLE_MODULES = YES;
				CLANG_ENABLE_OBJC_ARC = YES;
				CLANG_ENABLE_OBJC_WEAK = YES;
				CLANG_WARN_BLOCK_CAPTURE_AUTORELEASING = YES;
				CLANG_WARN_BOOL_CONVERSION = YES;
				CLANG_WARN_COMMA = YES;
				CLANG_WARN_CONSTANT_CONVERSION = YES;
				CLANG_WARN_DEPRECATED_OBJC_IMPLEMENTATIONS = YES;
				CLANG_WARN_DIRECT_OBJC_ISA_USAGE = YES_ERROR;
				CLANG_WARN_DOCUMENTATION_COMMENTS = YES;
				CLANG_WARN_EMPTY_BODY = YES;
				CLANG_WARN_ENUM_CONVERSION = YES;
				CLANG_WARN_INFINITE_RECURSION = YES;
				CLANG_WARN_INT_CONVERSION = YES;
				CLANG_WARN_NON_LITERAL_NULL_CONVERSION = YES;
				CLANG_WARN_OBJC_IMPLICIT_RETAIN_SELF = YES;
				CLANG_WARN_OBJC_LITERAL_CONVERSION = YES;
				CLANG_WARN_OBJC_ROOT_CLASS = YES_ERROR;
				CLANG_WARN_QUOTED_INCLUDE_IN_FRAMEWORK_HEADER = YES;
				CLANG_WARN_RANGE_LOOP_ANALYSIS = YES;
				CLANG_WARN_STRICT_PROTOTYPES = YES;
				CLANG_WARN_SUSPICIOUS_MOVE = YES;
				CLANG_WARN_UNGUARDED_AVAILABILITY = YES_AGGRESSIVE;
				CLANG_WARN_UNREACHABLE_CODE = YES;
				CLANG_WARN__DUPLICATE_METHOD_MATCH = YES;
				COPY_PHASE_STRIP = NO;
				DEBUG_INFORMATION_FORMAT = "dwarf-with-dsym";
				ENABLE_NS_ASSERTIONS = NO;
				ENABLE_STRICT_OBJC_MSGSEND = YES;
				ENABLE_USER_SCRIPT_SANDBOXING = NO;
				GCC_C_LANGUAGE_STANDARD = gnu17;
				GCC_NO_COMMON_BLOCKS = YES;
				GCC_WARN_64_TO_32_BIT_CONVERSION = YES;
				GCC_WARN_ABOUT_RETURN_TYPE = YES_ERROR;
				GCC_WARN_UNDECLARED_SELECTOR = YES;
				GCC_WARN_UNINITIALIZED_AUTOS = YES_AGGRESSIVE;
				GCC_WARN_UNUSED_FUNCTION = YES;
				GCC_WARN_UNUSED_VARIABLE = YES;
				IPHONEOS_DEPLOYMENT_TARGET = 26.2;
				LOCALIZATION_PREFERS_STRING_CATALOGS = YES;
				MTL_ENABLE_DEBUG_INFO = NO;
				MTL_FAST_MATH = YES;
				SDKROOT = iphoneos;
				SWIFT_COMPILATION_MODE = wholemodule;
				VALIDATE_PRODUCT = YES;
			};
			name = Release;
		};
		9570C2BC2FD9DA9E002FA6DE /* Debug */ = {
			isa = XCBuildConfiguration;
			baseConfigurationReference = 9570E4812FE58572002FA6DE /* Config/Base.xcconfig */;
			buildSettings = {
				ASSETCATALOG_COMPILER_APPICON_NAME = AppIcon;
				ASSETCATALOG_COMPILER_GLOBAL_ACCENT_COLOR_NAME = AccentColor;
				CODE_SIGN_ENTITLEMENTS = Kohere/Kohere.entitlements;
				CODE_SIGN_STYLE = Automatic;
				CURRENT_PROJECT_VERSION = 1;
				DEVELOPMENT_TEAM = 2YTVA7GW5S;
				ENABLE_PREVIEWS = YES;
				INFOPLIST_FILE = Kohere/Resource/Info.plist;
				INFOPLIST_KEY_CFBundleDisplayName = Kohere;
				INFOPLIST_KEY_UIApplicationSceneManifest_Generation = YES;
				INFOPLIST_KEY_UIApplicationSupportsIndirectInputEvents = YES;
				INFOPLIST_KEY_UILaunchScreen_Generation = YES;
				INFOPLIST_KEY_UISupportedInterfaceOrientations = UIInterfaceOrientationPortrait;
				IPHONEOS_DEPLOYMENT_TARGET = 17.0;
				LD_RUNPATH_SEARCH_PATHS = (
					"$(inherited)",
					"@executable_path/Frameworks",
				);
				MARKETING_VERSION = 1.0.3;
				PRODUCT_BUNDLE_IDENTIFIER = com.kohere.Kohere;
				PRODUCT_NAME = "$(TARGET_NAME)";
				STRING_CATALOG_GENERATE_SYMBOLS = YES;
				SUPPORTED_PLATFORMS = "iphoneos iphonesimulator";
				SUPPORTS_MACCATALYST = NO;
				SUPPORTS_MAC_DESIGNED_FOR_IPHONE_IPAD = NO;
				SUPPORTS_XR_DESIGNED_FOR_IPHONE_IPAD = NO;
				SWIFT_APPROACHABLE_CONCURRENCY = YES;
				SWIFT_DEFAULT_ACTOR_ISOLATION = MainActor;
				SWIFT_EMIT_LOC_STRINGS = YES;
				SWIFT_UPCOMING_FEATURE_MEMBER_IMPORT_VISIBILITY = YES;
				SWIFT_VERSION = 5.0;
				TARGETED_DEVICE_FAMILY = 1;
			};
			name = Debug;
		};
		9570C2BD2FD9DA9E002FA6DE /* Release */ = {
			isa = XCBuildConfiguration;
			baseConfigurationReference = 9570E4812FE58572002FA6DE /* Config/Base.xcconfig */;
			buildSettings = {
				ASSETCATALOG_COMPILER_APPICON_NAME = AppIcon;
				ASSETCATALOG_COMPILER_GLOBAL_ACCENT_COLOR_NAME = AccentColor;
				CODE_SIGN_ENTITLEMENTS = Kohere/Kohere.entitlements;
				CODE_SIGN_STYLE = Automatic;
				CURRENT_PROJECT_VERSION = 1;
				DEVELOPMENT_TEAM = 2YTVA7GW5S;
				ENABLE_PREVIEWS = YES;
				INFOPLIST_FILE = Kohere/Resource/Info.plist;
				INFOPLIST_KEY_CFBundleDisplayName = Kohere;
				INFOPLIST_KEY_UIApplicationSceneManifest_Generation = YES;
				INFOPLIST_KEY_UIApplicationSupportsIndirectInputEvents = YES;
				INFOPLIST_KEY_UILaunchScreen_Generation = YES;
				INFOPLIST_KEY_UISupportedInterfaceOrientations = UIInterfaceOrientationPortrait;
				IPHONEOS_DEPLOYMENT_TARGET = 17.0;
				LD_RUNPATH_SEARCH_PATHS = (
					"$(inherited)",
					"@executable_path/Frameworks",
				);
				MARKETING_VERSION = 1.0.3;
				PRODUCT_BUNDLE_IDENTIFIER = com.kohere.Kohere;
				PRODUCT_NAME = "$(TARGET_NAME)";
				STRING_CATALOG_GENERATE_SYMBOLS = YES;
				SUPPORTED_PLATFORMS = "iphoneos iphonesimulator";
				SUPPORTS_MACCATALYST = NO;
				SUPPORTS_MAC_DESIGNED_FOR_IPHONE_IPAD = NO;
				SUPPORTS_XR_DESIGNED_FOR_IPHONE_IPAD = NO;
				SWIFT_APPROACHABLE_CONCURRENCY = YES;
				SWIFT_DEFAULT_ACTOR_ISOLATION = MainActor;
				SWIFT_EMIT_LOC_STRINGS = YES;
				SWIFT_UPCOMING_FEATURE_MEMBER_IMPORT_VISIBILITY = YES;
				SWIFT_VERSION = 5.0;
				TARGETED_DEVICE_FAMILY = 1;
			};
			name = Release;
		};
		9570C2BF2FD9DA9E002FA6DE /* Debug */ = {
			isa = XCBuildConfiguration;
			buildSettings = {
				BUNDLE_LOADER = "$(TEST_HOST)";
				CODE_SIGN_STYLE = Automatic;
				CURRENT_PROJECT_VERSION = 1;
				GENERATE_INFOPLIST_FILE = YES;
				IPHONEOS_DEPLOYMENT_TARGET = 26.2;
				MARKETING_VERSION = 1.0;
				PRODUCT_BUNDLE_IDENTIFIER = com.kohere.KohereTests;
				PRODUCT_NAME = "$(TARGET_NAME)";
				STRING_CATALOG_GENERATE_SYMBOLS = NO;
				SWIFT_APPROACHABLE_CONCURRENCY = YES;
				SWIFT_EMIT_LOC_STRINGS = NO;
				SWIFT_UPCOMING_FEATURE_MEMBER_IMPORT_VISIBILITY = YES;
				SWIFT_VERSION = 5.0;
				TARGETED_DEVICE_FAMILY = "1,2";
				TEST_HOST = "$(BUILT_PRODUCTS_DIR)/Kohere.app/$(BUNDLE_EXECUTABLE_FOLDER_PATH)/Kohere";
			};
			name = Debug;
		};
		9570C2C02FD9DA9E002FA6DE /* Release */ = {
			isa = XCBuildConfiguration;
			buildSettings = {
				BUNDLE_LOADER = "$(TEST_HOST)";
				CODE_SIGN_STYLE = Automatic;
				CURRENT_PROJECT_VERSION = 1;
				GENERATE_INFOPLIST_FILE = YES;
				IPHONEOS_DEPLOYMENT_TARGET = 26.2;
				MARKETING_VERSION = 1.0;
				PRODUCT_BUNDLE_IDENTIFIER = com.kohere.KohereTests;
				PRODUCT_NAME = "$(TARGET_NAME)";
				STRING_CATALOG_GENERATE_SYMBOLS = NO;
				SWIFT_APPROACHABLE_CONCURRENCY = YES;
				SWIFT_EMIT_LOC_STRINGS = NO;
				SWIFT_UPCOMING_FEATURE_MEMBER_IMPORT_VISIBILITY = YES;
				SWIFT_VERSION = 5.0;
				TARGETED_DEVICE_FAMILY = "1,2";
				TEST_HOST = "$(BUILT_PRODUCTS_DIR)/Kohere.app/$(BUNDLE_EXECUTABLE_FOLDER_PATH)/Kohere";
			};
			name = Release;
		};
		9570C2C22FD9DA9E002FA6DE /* Debug */ = {
			isa = XCBuildConfiguration;
			buildSettings = {
				CODE_SIGN_STYLE = Automatic;
				CURRENT_PROJECT_VERSION = 1;
				GENERATE_INFOPLIST_FILE = YES;
				MARKETING_VERSION = 1.0;
				PRODUCT_BUNDLE_IDENTIFIER = com.kohere.KohereUITests;
				PRODUCT_NAME = "$(TARGET_NAME)";
				STRING_CATALOG_GENERATE_SYMBOLS = NO;
				SWIFT_APPROACHABLE_CONCURRENCY = YES;
				SWIFT_EMIT_LOC_STRINGS = NO;
				SWIFT_UPCOMING_FEATURE_MEMBER_IMPORT_VISIBILITY = YES;
				SWIFT_VERSION = 5.0;
				TARGETED_DEVICE_FAMILY = "1,2";
				TEST_TARGET_NAME = Kohere;
			};
			name = Debug;
		};
		9570C2C32FD9DA9E002FA6DE /* Release */ = {
			isa = XCBuildConfiguration;
			buildSettings = {
				CODE_SIGN_STYLE = Automatic;
				CURRENT_PROJECT_VERSION = 1;
				GENERATE_INFOPLIST_FILE = YES;
				MARKETING_VERSION = 1.0;
				PRODUCT_BUNDLE_IDENTIFIER = com.kohere.KohereUITests;
				PRODUCT_NAME = "$(TARGET_NAME)";
				STRING_CATALOG_GENERATE_SYMBOLS = NO;
				SWIFT_APPROACHABLE_CONCURRENCY = YES;
				SWIFT_EMIT_LOC_STRINGS = NO;
				SWIFT_UPCOMING_FEATURE_MEMBER_IMPORT_VISIBILITY = YES;
				SWIFT_VERSION = 5.0;
				TARGETED_DEVICE_FAMILY = "1,2";
				TEST_TARGET_NAME = Kohere;
			};
			name = Release;
		};
/* End XCBuildConfiguration section */

/* Begin XCConfigurationList section */
		77FCA40B3078AF320091C00D /* Build configuration list for PBXNativeTarget "KohereDomain" */ = {
			isa = XCConfigurationList;
			buildConfigurations = (
				77FCA4093078AF320091C00D /* Debug */,
				77FCA40A3078AF320091C00D /* Release */,
			);
			defaultConfigurationIsVisible = 0;
			defaultConfigurationName = Release;
		};
		952FEC0E307528E300DB907E /* Build configuration list for PBXNativeTarget "KohereCore" */ = {
			isa = XCConfigurationList;
			buildConfigurations = (
				952FEC0C307528E300DB907E /* Debug */,
				952FEC0D307528E300DB907E /* Release */,
			);
			defaultConfigurationIsVisible = 0;
			defaultConfigurationName = Release;
		};
		952FED20307528E300DB907E /* Build configuration list for PBXNativeTarget "KohereLocalization" */ = {
			isa = XCConfigurationList;
			buildConfigurations = (
				952FED1E307528E300DB907E /* Debug */,
				952FED1F307528E300DB907E /* Release */,
			);
			defaultConfigurationIsVisible = 0;
			defaultConfigurationName = Release;
		};
		9570C2952FD9DA9D002FA6DE /* Build configuration list for PBXProject "Kohere" */ = {
			isa = XCConfigurationList;
			buildConfigurations = (
				9570C2B92FD9DA9E002FA6DE /* Debug */,
				9570C2BA2FD9DA9E002FA6DE /* Release */,
			);
			defaultConfigurationIsVisible = 0;
			defaultConfigurationName = Release;
		};
		9570C2BB2FD9DA9E002FA6DE /* Build configuration list for PBXNativeTarget "Kohere" */ = {
			isa = XCConfigurationList;
			buildConfigurations = (
				9570C2BC2FD9DA9E002FA6DE /* Debug */,
				9570C2BD2FD9DA9E002FA6DE /* Release */,
			);
			defaultConfigurationIsVisible = 0;
			defaultConfigurationName = Release;
		};
		9570C2BE2FD9DA9E002FA6DE /* Build configuration list for PBXNativeTarget "KohereTests" */ = {
			isa = XCConfigurationList;
			buildConfigurations = (
				9570C2BF2FD9DA9E002FA6DE /* Debug */,
				9570C2C02FD9DA9E002FA6DE /* Release */,
			);
			defaultConfigurationIsVisible = 0;
			defaultConfigurationName = Release;
		};
		9570C2C12FD9DA9E002FA6DE /* Build configuration list for PBXNativeTarget "KohereUITests" */ = {
			isa = XCConfigurationList;
			buildConfigurations = (
				9570C2C22FD9DA9E002FA6DE /* Debug */,
				9570C2C32FD9DA9E002FA6DE /* Release */,
			);
			defaultConfigurationIsVisible = 0;
			defaultConfigurationName = Release;
		};
/* End XCConfigurationList section */

/* Begin XCRemoteSwiftPackageReference section */
		772FBCF42FF38F2F00336CF6 /* XCRemoteSwiftPackageReference "GoogleSignIn-iOS" */ = {
			isa = XCRemoteSwiftPackageReference;
			repositoryURL = "https://github.com/google/GoogleSignIn-iOS";
			requirement = {
				kind = upToNextMajorVersion;
				minimumVersion = 9.2.0;
			};
		};
		772FBCF52FF3981E00336CF6 /* XCRemoteSwiftPackageReference "Alamofire" */ = {
			isa = XCRemoteSwiftPackageReference;
			repositoryURL = "https://github.com/Alamofire/Alamofire";
			requirement = {
				kind = upToNextMajorVersion;
				minimumVersion = 5.12.0;
			};
		};
		778F3DF52FDAA3000AFF730 /* XCRemoteSwiftPackageReference "swift-composable-architecture" */ = {
			isa = XCRemoteSwiftPackageReference;
			repositoryURL = "https://github.com/pointfreeco/swift-composable-architecture";
			requirement = {
				kind = upToNextMajorVersion;
				minimumVersion = 1.26.0;
			};
		};
		951921A33049CCB300666ACA /* XCRemoteSwiftPackageReference "firebase-ios-sdk" */ = {
			isa = XCRemoteSwiftPackageReference;
			repositoryURL = "https://github.com/firebase/firebase-ios-sdk";
			requirement = {
				kind = upToNextMajorVersion;
				minimumVersion = 12.18.0;
			};
		};
		9570E47D2FE45C37002FA6DE /* XCRemoteSwiftPackageReference "SPM-NMapsMap" */ = {
			isa = XCRemoteSwiftPackageReference;
			repositoryURL = "https://github.com/navermaps/SPM-NMapsMap";
			requirement = {
				kind = upToNextMajorVersion;
				minimumVersion = 3.23.2;
			};
		};
		D4A1B2C32FF4A10000AA0002 /* XCRemoteSwiftPackageReference "Kingfisher" */ = {
			isa = XCRemoteSwiftPackageReference;
			repositoryURL = "https://github.com/onevcat/Kingfisher.git";
			requirement = {
				kind = upToNextMajorVersion;
				minimumVersion = 8.0.0;
			};
		};
		E6B4C0013011000000000002 /* XCRemoteSwiftPackageReference "SwiftStomp" */ = {
			isa = XCRemoteSwiftPackageReference;
			repositoryURL = "https://github.com/Romixery/SwiftStomp.git";
			requirement = {
				kind = exactVersion;
				version = 1.2.1;
			};
		};
/* End XCRemoteSwiftPackageReference section */

/* Begin XCSwiftPackageProductDependency section */
		772FBCF72FF3A3F200336CF6 /* Alamofire */ = {
			isa = XCSwiftPackageProductDependency;
			package = 772FBCF52FF3981E00336CF6 /* XCRemoteSwiftPackageReference "Alamofire" */;
			productName = Alamofire;
		};
		772FBCF92FF3A40100336CF6 /* GoogleSignIn */ = {
			isa = XCSwiftPackageProductDependency;
			package = 772FBCF42FF38F2F00336CF6 /* XCRemoteSwiftPackageReference "GoogleSignIn-iOS" */;
			productName = GoogleSignIn;
		};
		778F3DF42FDAA3000AFF730 /* ComposableArchitecture */ = {
			isa = XCSwiftPackageProductDependency;
			package = 778F3DF52FDAA3000AFF730 /* XCRemoteSwiftPackageReference "swift-composable-architecture" */;
			productName = ComposableArchitecture;
		};
		77FCA4173078B1740091C00D /* Dependencies */ = {
			isa = XCSwiftPackageProductDependency;
			package = 778F3DF52FDAA3000AFF730 /* XCRemoteSwiftPackageReference "swift-composable-architecture" */;
			productName = Dependencies;
		};
		77FCA41A3078B1740091C00D /* OrderedCollections */ = {
			isa = XCSwiftPackageProductDependency;
			package = 778F3DF52FDAA3000AFF730 /* XCRemoteSwiftPackageReference "swift-composable-architecture" */;
			productName = OrderedCollections;
		};
		77FCA41C3078B1740091C00D /* CasePaths */ = {
			isa = XCSwiftPackageProductDependency;
			package = 778F3DF52FDAA3000AFF730 /* XCRemoteSwiftPackageReference "swift-composable-architecture" */;
			productName = CasePaths;
		};
		77FCA41E3078B1740091C00D /* CasePathsCore */ = {
			isa = XCSwiftPackageProductDependency;
			package = 778F3DF52FDAA3000AFF730 /* XCRemoteSwiftPackageReference "swift-composable-architecture" */;
			productName = CasePathsCore;
		};
		77FCA4203078B1740091C00D /* ConcurrencyExtras */ = {
			isa = XCSwiftPackageProductDependency;
			package = 778F3DF52FDAA3000AFF730 /* XCRemoteSwiftPackageReference "swift-composable-architecture" */;
			productName = ConcurrencyExtras;
		};
		77FCA4223078B1740091C00D /* CustomDump */ = {
			isa = XCSwiftPackageProductDependency;
			package = 778F3DF52FDAA3000AFF730 /* XCRemoteSwiftPackageReference "swift-composable-architecture" */;
			productName = CustomDump;
		};
		77FCA4243078B1740091C00D /* IdentifiedCollections */ = {
			isa = XCSwiftPackageProductDependency;
			package = 778F3DF52FDAA3000AFF730 /* XCRemoteSwiftPackageReference "swift-composable-architecture" */;
			productName = IdentifiedCollections;
		};
		77FCA4283078B1740091C00D /* IssueReporting */ = {
			isa = XCSwiftPackageProductDependency;
			package = 778F3DF52FDAA3000AFF730 /* XCRemoteSwiftPackageReference "swift-composable-architecture" */;
			productName = IssueReporting;
		};
		77FCA42A3078B1740091C00D /* Perception */ = {
			isa = XCSwiftPackageProductDependency;
			package = 778F3DF52FDAA3000AFF730 /* XCRemoteSwiftPackageReference "swift-composable-architecture" */;
			productName = Perception;
		};
		77FCA42C3078B1740091C00D /* PerceptionCore */ = {
			isa = XCSwiftPackageProductDependency;
			package = 778F3DF52FDAA3000AFF730 /* XCRemoteSwiftPackageReference "swift-composable-architecture" */;
			productName = PerceptionCore;
		};
		77FCA42E3078B1740091C00D /* SwiftNavigation */ = {
			isa = XCSwiftPackageProductDependency;
			package = 778F3DF52FDAA3000AFF730 /* XCRemoteSwiftPackageReference "swift-composable-architecture" */;
			productName = SwiftNavigation;
		};
		77FCA4303078B1740091C00D /* UIKitNavigation */ = {
			isa = XCSwiftPackageProductDependency;
			package = 778F3DF52FDAA3000AFF730 /* XCRemoteSwiftPackageReference "swift-composable-architecture" */;
			productName = UIKitNavigation;
		};
		77FCA4323078B1740091C00D /* XCTestDynamicOverlay */ = {
			isa = XCSwiftPackageProductDependency;
			package = 778F3DF52FDAA3000AFF730 /* XCRemoteSwiftPackageReference "swift-composable-architecture" */;
			productName = XCTestDynamicOverlay;
		};
		951921A43049CCB300666ACA /* FirebaseMessaging */ = {
			isa = XCSwiftPackageProductDependency;
			package = 951921A33049CCB300666ACA /* XCRemoteSwiftPackageReference "firebase-ios-sdk" */;
			productName = FirebaseMessaging;
		};
		9570E47E2FE45C37002FA6DE /* NMapsMap */ = {
			isa = XCSwiftPackageProductDependency;
			package = 9570E47D2FE45C37002FA6DE /* XCRemoteSwiftPackageReference "SPM-NMapsMap" */;
			productName = NMapsMap;
		};
		D4A1B2C32FF4A10000AA0003 /* Kingfisher */ = {
			isa = XCSwiftPackageProductDependency;
			package = D4A1B2C32FF4A10000AA0002 /* XCRemoteSwiftPackageReference "Kingfisher" */;
			productName = Kingfisher;
		};
		E6B4C0013011000000000003 /* SwiftStomp */ = {
			isa = XCSwiftPackageProductDependency;
			package = E6B4C0013011000000000002 /* XCRemoteSwiftPackageReference "SwiftStomp" */;
			productName = SwiftStomp;
		};
/* End XCSwiftPackageProductDependency section */
	};
	rootObject = 9570C2922FD9DA9D002FA6DE /* Project object */;
}
